
Microsoft Visual Studio Solution File, Format Version 10.00
# Visual C++ Express 2008
Project("{8BC9CEB8-8B4A-11D0-8D11-00A0C91BC942}") = "template", "template\template.vcproj", "{B966B790-C928-4E61-9006-D002DC4D2F26}"
EndProject
Global
	GlobalSection(SolutionConfigurationPlatforms) = preSolution
		Debug|Win32 = Debug|Win32
		Release|Win32 = Release|Win32
	EndGlobalSection
	GlobalSection(ProjectConfigurationPlatforms) = postSolution
		{B966B790-C928-4E61-9006-D002DC4D2F26}.Debug|Win32.ActiveCfg = Debug|Win32
		{B966B790-C928-4E61-9006-D002DC4D2F26}.Debug|Win32.Build.0 = Debug|Win32
		{B966B790-C928-4E61-9006-D002DC4D2F26}.Release|Win32.ActiveCfg = Release|Win32
		{B966B790-C928-4E61-9006-D002DC4D2F26}.Release|Win32.Build.0 = Release|Win32
	EndGlobalSection
	GlobalSection(SolutionProperties) = preSolution
		HideSolutionNode = FALSE
	EndGlobalSection
EndGlobal
