
Microsoft Visual Studio Solution File, Format Version 10.00
# Visual C++ Express 2008
Project("{8BC9CEB8-8B4A-11D0-8D11-00A0C91BC942}") = "template2", "template2\template2.vcproj", "{C5D7DE16-BF70-4703-90CA-B3FD12060901}"
EndProject
Global
	GlobalSection(SolutionConfigurationPlatforms) = preSolution
		Debug|Win32 = Debug|Win32
		Release|Win32 = Release|Win32
	EndGlobalSection
	GlobalSection(ProjectConfigurationPlatforms) = postSolution
		{C5D7DE16-BF70-4703-90CA-B3FD12060901}.Debug|Win32.ActiveCfg = Debug|Win32
		{C5D7DE16-BF70-4703-90CA-B3FD12060901}.Debug|Win32.Build.0 = Debug|Win32
		{C5D7DE16-BF70-4703-90CA-B3FD12060901}.Release|Win32.ActiveCfg = Release|Win32
		{C5D7DE16-BF70-4703-90CA-B3FD12060901}.Release|Win32.Build.0 = Release|Win32
	EndGlobalSection
	GlobalSection(SolutionProperties) = preSolution
		HideSolutionNode = FALSE
	EndGlobalSection
EndGlobal
