
Microsoft Visual Studio Solution File, Format Version 10.00
# Visual C++ Express 2008
Project("{8BC9CEB8-8B4A-11D0-8D11-00A0C91BC942}") = "9_StringsAreFriends", "9_StringsAreFriends\9_StringsAreFriends.vcproj", "{661A327A-07BB-4612-95CB-CF07983EA627}"
EndProject
Global
	GlobalSection(SolutionConfigurationPlatforms) = preSolution
		Debug|Win32 = Debug|Win32
		Release|Win32 = Release|Win32
	EndGlobalSection
	GlobalSection(ProjectConfigurationPlatforms) = postSolution
		{661A327A-07BB-4612-95CB-CF07983EA627}.Debug|Win32.ActiveCfg = Debug|Win32
		{661A327A-07BB-4612-95CB-CF07983EA627}.Debug|Win32.Build.0 = Debug|Win32
		{661A327A-07BB-4612-95CB-CF07983EA627}.Release|Win32.ActiveCfg = Release|Win32
		{661A327A-07BB-4612-95CB-CF07983EA627}.Release|Win32.Build.0 = Release|Win32
	EndGlobalSection
	GlobalSection(SolutionProperties) = preSolution
		HideSolutionNode = FALSE
	EndGlobalSection
EndGlobal
