
Microsoft Visual Studio Solution File, Format Version 10.00
# Visual C++ Express 2008
Project("{8BC9CEB8-8B4A-11D0-8D11-00A0C91BC942}") = "6_TicTacToe", "6_TicTacToe\6_TicTacToe.vcproj", "{21601C50-4AE5-447C-BD0F-5D25E21F8DF9}"
EndProject
Global
	GlobalSection(SolutionConfigurationPlatforms) = preSolution
		Debug|Win32 = Debug|Win32
		Release|Win32 = Release|Win32
	EndGlobalSection
	GlobalSection(ProjectConfigurationPlatforms) = postSolution
		{21601C50-4AE5-447C-BD0F-5D25E21F8DF9}.Debug|Win32.ActiveCfg = Debug|Win32
		{21601C50-4AE5-447C-BD0F-5D25E21F8DF9}.Debug|Win32.Build.0 = Debug|Win32
		{21601C50-4AE5-447C-BD0F-5D25E21F8DF9}.Release|Win32.ActiveCfg = Release|Win32
		{21601C50-4AE5-447C-BD0F-5D25E21F8DF9}.Release|Win32.Build.0 = Release|Win32
	EndGlobalSection
	GlobalSection(SolutionProperties) = preSolution
		HideSolutionNode = FALSE
	EndGlobalSection
EndGlobal
