
Microsoft Visual Studio Solution File, Format Version 10.00
# Visual C++ Express 2008
Project("{8BC9CEB8-8B4A-11D0-8D11-00A0C91BC942}") = "vectorClasses_YES", "vectorClasses_YES\vectorClasses_YES.vcproj", "{C2976F62-DD86-4D3E-B911-6F81A5818E63}"
EndProject
Global
	GlobalSection(SolutionConfigurationPlatforms) = preSolution
		Debug|Win32 = Debug|Win32
		Release|Win32 = Release|Win32
	EndGlobalSection
	GlobalSection(ProjectConfigurationPlatforms) = postSolution
		{C2976F62-DD86-4D3E-B911-6F81A5818E63}.Debug|Win32.ActiveCfg = Debug|Win32
		{C2976F62-DD86-4D3E-B911-6F81A5818E63}.Debug|Win32.Build.0 = Debug|Win32
		{C2976F62-DD86-4D3E-B911-6F81A5818E63}.Release|Win32.ActiveCfg = Release|Win32
		{C2976F62-DD86-4D3E-B911-6F81A5818E63}.Release|Win32.Build.0 = Release|Win32
	EndGlobalSection
	GlobalSection(SolutionProperties) = preSolution
		HideSolutionNode = FALSE
	EndGlobalSection
EndGlobal
