
Microsoft Visual Studio Solution File, Format Version 10.00
# Visual C++ Express 2008
Project("{8BC9CEB8-8B4A-11D0-8D11-00A0C91BC942}") = "Reverse-a-String", "Reverse-a-String\Reverse-a-String.vcproj", "{85ABA492-F79E-47D2-AF7F-C4CE293B2859}"
EndProject
Global
	GlobalSection(SolutionConfigurationPlatforms) = preSolution
		Debug|Win32 = Debug|Win32
		Release|Win32 = Release|Win32
	EndGlobalSection
	GlobalSection(ProjectConfigurationPlatforms) = postSolution
		{85ABA492-F79E-47D2-AF7F-C4CE293B2859}.Debug|Win32.ActiveCfg = Debug|Win32
		{85ABA492-F79E-47D2-AF7F-C4CE293B2859}.Debug|Win32.Build.0 = Debug|Win32
		{85ABA492-F79E-47D2-AF7F-C4CE293B2859}.Release|Win32.ActiveCfg = Release|Win32
		{85ABA492-F79E-47D2-AF7F-C4CE293B2859}.Release|Win32.Build.0 = Release|Win32
	EndGlobalSection
	GlobalSection(SolutionProperties) = preSolution
		HideSolutionNode = FALSE
	EndGlobalSection
EndGlobal
